
Microsoft Visual Studio Solution File, Format Version 12.00
# Visual Studio Version 16
VisualStudioVersion = 16.0.30114.105
MinimumVisualStudioVersion = 10.0.40219.1
Project("{F2A71F9B-5D33-465A-A702-920D77279786}") = "Fable.Giraffe.Python", "src\python\Fable.Giraffe.Python.fsproj", "{0C57A6F8-DE9D-4AF0-B811-9DC6B8F04F80}"
EndProject
Project("{F2A71F9B-5D33-465A-A702-920D77279786}") = "Fable.Giraffe.Beam", "src\beam\Fable.Giraffe.Beam.fsproj", "{A1B2C3D4-E5F6-7890-ABCD-EF1234567890}"
EndProject
Project("{F2A71F9B-5D33-465A-A702-920D77279786}") = "Program", "app\Program.fsproj", "{9B9067B5-6F7C-4DF2-B187-B2762524F0B7}"
EndProject
Project("{2150E333-8FDC-42A3-9474-1A3956D46DE8}") = "src", "src", "{827E0CD3-B72D-47B6-A68D-7590B98EB39B}"
EndProject
Project("{2150E333-8FDC-42A3-9474-1A3956D46DE8}") = "js", "js", "{A855A773-69E3-BA66-31C8-2FC4DE8D7489}"
EndProject
Project("{F2A71F9B-5D33-465A-A702-920D77279786}") = "Fable.Giraffe.Js", "src\js\Fable.Giraffe.Js.fsproj", "{96538F57-46A9-45D4-BDE1-23FA1F86E2D4}"
EndProject
Project("{2150E333-8FDC-42A3-9474-1A3956D46DE8}") = "test", "test", "{0C88DD14-F956-CE84-757C-A364CCF449FC}"
EndProject
Project("{2150E333-8FDC-42A3-9474-1A3956D46DE8}") = "python", "python", "{DCCC737B-3B97-39D2-0C3F-B9F68EBCC1B7}"
EndProject
Project("{F2A71F9B-5D33-465A-A702-920D77279786}") = "Fable.Giraffe.Tests.Python", "test\python\Fable.Giraffe.Tests.Python.fsproj", "{734CED33-18B8-4FB2-8903-F37696348212}"
EndProject
Project("{2150E333-8FDC-42A3-9474-1A3956D46DE8}") = "python", "python", "{FC6FF013-36E1-B0BA-B074-9CC75F719A48}"
EndProject
Project("{2150E333-8FDC-42A3-9474-1A3956D46DE8}") = "js", "js", "{F142AA04-E122-1969-27D7-38FC4993AD34}"
EndProject
Project("{F2A71F9B-5D33-465A-A702-920D77279786}") = "Tests", "test\js\Tests.fsproj", "{F8F2083C-7655-4020-B6B7-A232E6C473B5}"
EndProject
Global
	GlobalSection(SolutionConfigurationPlatforms) = preSolution
		Debug|Any CPU = Debug|Any CPU
		Debug|x64 = Debug|x64
		Debug|x86 = Debug|x86
		Release|Any CPU = Release|Any CPU
		Release|x64 = Release|x64
		Release|x86 = Release|x86
	EndGlobalSection
	GlobalSection(ProjectConfigurationPlatforms) = postSolution
		{0C57A6F8-DE9D-4AF0-B811-9DC6B8F04F80}.Debug|Any CPU.ActiveCfg = Debug|Any CPU
		{0C57A6F8-DE9D-4AF0-B811-9DC6B8F04F80}.Debug|Any CPU.Build.0 = Debug|Any CPU
		{0C57A6F8-DE9D-4AF0-B811-9DC6B8F04F80}.Debug|x64.ActiveCfg = Debug|Any CPU
		{0C57A6F8-DE9D-4AF0-B811-9DC6B8F04F80}.Debug|x64.Build.0 = Debug|Any CPU
		{0C57A6F8-DE9D-4AF0-B811-9DC6B8F04F80}.Debug|x86.ActiveCfg = Debug|Any CPU
		{0C57A6F8-DE9D-4AF0-B811-9DC6B8F04F80}.Debug|x86.Build.0 = Debug|Any CPU
		{0C57A6F8-DE9D-4AF0-B811-9DC6B8F04F80}.Release|Any CPU.ActiveCfg = Release|Any CPU
		{0C57A6F8-DE9D-4AF0-B811-9DC6B8F04F80}.Release|Any CPU.Build.0 = Release|Any CPU
		{0C57A6F8-DE9D-4AF0-B811-9DC6B8F04F80}.Release|x64.ActiveCfg = Release|Any CPU
		{0C57A6F8-DE9D-4AF0-B811-9DC6B8F04F80}.Release|x64.Build.0 = Release|Any CPU
		{0C57A6F8-DE9D-4AF0-B811-9DC6B8F04F80}.Release|x86.ActiveCfg = Release|Any CPU
		{0C57A6F8-DE9D-4AF0-B811-9DC6B8F04F80}.Release|x86.Build.0 = Release|Any CPU
		{A1B2C3D4-E5F6-7890-ABCD-EF1234567890}.Debug|Any CPU.ActiveCfg = Debug|Any CPU
		{A1B2C3D4-E5F6-7890-ABCD-EF1234567890}.Debug|Any CPU.Build.0 = Debug|Any CPU
		{A1B2C3D4-E5F6-7890-ABCD-EF1234567890}.Debug|x64.ActiveCfg = Debug|Any CPU
		{A1B2C3D4-E5F6-7890-ABCD-EF1234567890}.Debug|x64.Build.0 = Debug|Any CPU
		{A1B2C3D4-E5F6-7890-ABCD-EF1234567890}.Debug|x86.ActiveCfg = Debug|Any CPU
		{A1B2C3D4-E5F6-7890-ABCD-EF1234567890}.Debug|x86.Build.0 = Debug|Any CPU
		{A1B2C3D4-E5F6-7890-ABCD-EF1234567890}.Release|Any CPU.ActiveCfg = Release|Any CPU
		{A1B2C3D4-E5F6-7890-ABCD-EF1234567890}.Release|Any CPU.Build.0 = Release|Any CPU
		{A1B2C3D4-E5F6-7890-ABCD-EF1234567890}.Release|x64.ActiveCfg = Release|Any CPU
		{A1B2C3D4-E5F6-7890-ABCD-EF1234567890}.Release|x64.Build.0 = Release|Any CPU
		{A1B2C3D4-E5F6-7890-ABCD-EF1234567890}.Release|x86.ActiveCfg = Release|Any CPU
		{A1B2C3D4-E5F6-7890-ABCD-EF1234567890}.Release|x86.Build.0 = Release|Any CPU
		{9B9067B5-6F7C-4DF2-B187-B2762524F0B7}.Debug|Any CPU.ActiveCfg = Debug|Any CPU
		{9B9067B5-6F7C-4DF2-B187-B2762524F0B7}.Debug|Any CPU.Build.0 = Debug|Any CPU
		{9B9067B5-6F7C-4DF2-B187-B2762524F0B7}.Debug|x64.ActiveCfg = Debug|Any CPU
		{9B9067B5-6F7C-4DF2-B187-B2762524F0B7}.Debug|x64.Build.0 = Debug|Any CPU
		{9B9067B5-6F7C-4DF2-B187-B2762524F0B7}.Debug|x86.ActiveCfg = Debug|Any CPU
		{9B9067B5-6F7C-4DF2-B187-B2762524F0B7}.Debug|x86.Build.0 = Debug|Any CPU
		{9B9067B5-6F7C-4DF2-B187-B2762524F0B7}.Release|Any CPU.ActiveCfg = Release|Any CPU
		{9B9067B5-6F7C-4DF2-B187-B2762524F0B7}.Release|Any CPU.Build.0 = Release|Any CPU
		{9B9067B5-6F7C-4DF2-B187-B2762524F0B7}.Release|x64.ActiveCfg = Release|Any CPU
		{9B9067B5-6F7C-4DF2-B187-B2762524F0B7}.Release|x64.Build.0 = Release|Any CPU
		{9B9067B5-6F7C-4DF2-B187-B2762524F0B7}.Release|x86.ActiveCfg = Release|Any CPU
		{9B9067B5-6F7C-4DF2-B187-B2762524F0B7}.Release|x86.Build.0 = Release|Any CPU
		{96538F57-46A9-45D4-BDE1-23FA1F86E2D4}.Debug|Any CPU.ActiveCfg = Debug|Any CPU
		{96538F57-46A9-45D4-BDE1-23FA1F86E2D4}.Debug|Any CPU.Build.0 = Debug|Any CPU
		{96538F57-46A9-45D4-BDE1-23FA1F86E2D4}.Debug|x64.ActiveCfg = Debug|Any CPU
		{96538F57-46A9-45D4-BDE1-23FA1F86E2D4}.Debug|x64.Build.0 = Debug|Any CPU
		{96538F57-46A9-45D4-BDE1-23FA1F86E2D4}.Debug|x86.ActiveCfg = Debug|Any CPU
		{96538F57-46A9-45D4-BDE1-23FA1F86E2D4}.Debug|x86.Build.0 = Debug|Any CPU
		{96538F57-46A9-45D4-BDE1-23FA1F86E2D4}.Release|Any CPU.ActiveCfg = Release|Any CPU
		{96538F57-46A9-45D4-BDE1-23FA1F86E2D4}.Release|Any CPU.Build.0 = Release|Any CPU
		{96538F57-46A9-45D4-BDE1-23FA1F86E2D4}.Release|x64.ActiveCfg = Release|Any CPU
		{96538F57-46A9-45D4-BDE1-23FA1F86E2D4}.Release|x64.Build.0 = Release|Any CPU
		{96538F57-46A9-45D4-BDE1-23FA1F86E2D4}.Release|x86.ActiveCfg = Release|Any CPU
		{96538F57-46A9-45D4-BDE1-23FA1F86E2D4}.Release|x86.Build.0 = Release|Any CPU
		{734CED33-18B8-4FB2-8903-F37696348212}.Debug|Any CPU.ActiveCfg = Debug|Any CPU
		{734CED33-18B8-4FB2-8903-F37696348212}.Debug|Any CPU.Build.0 = Debug|Any CPU
		{734CED33-18B8-4FB2-8903-F37696348212}.Debug|x64.ActiveCfg = Debug|Any CPU
		{734CED33-18B8-4FB2-8903-F37696348212}.Debug|x64.Build.0 = Debug|Any CPU
		{734CED33-18B8-4FB2-8903-F37696348212}.Debug|x86.ActiveCfg = Debug|Any CPU
		{734CED33-18B8-4FB2-8903-F37696348212}.Debug|x86.Build.0 = Debug|Any CPU
		{734CED33-18B8-4FB2-8903-F37696348212}.Release|Any CPU.ActiveCfg = Release|Any CPU
		{734CED33-18B8-4FB2-8903-F37696348212}.Release|Any CPU.Build.0 = Release|Any CPU
		{734CED33-18B8-4FB2-8903-F37696348212}.Release|x64.ActiveCfg = Release|Any CPU
		{734CED33-18B8-4FB2-8903-F37696348212}.Release|x64.Build.0 = Release|Any CPU
		{734CED33-18B8-4FB2-8903-F37696348212}.Release|x86.ActiveCfg = Release|Any CPU
		{734CED33-18B8-4FB2-8903-F37696348212}.Release|x86.Build.0 = Release|Any CPU
		{F8F2083C-7655-4020-B6B7-A232E6C473B5}.Debug|Any CPU.ActiveCfg = Debug|Any CPU
		{F8F2083C-7655-4020-B6B7-A232E6C473B5}.Debug|Any CPU.Build.0 = Debug|Any CPU
		{F8F2083C-7655-4020-B6B7-A232E6C473B5}.Debug|x64.ActiveCfg = Debug|Any CPU
		{F8F2083C-7655-4020-B6B7-A232E6C473B5}.Debug|x64.Build.0 = Debug|Any CPU
		{F8F2083C-7655-4020-B6B7-A232E6C473B5}.Debug|x86.ActiveCfg = Debug|Any CPU
		{F8F2083C-7655-4020-B6B7-A232E6C473B5}.Debug|x86.Build.0 = Debug|Any CPU
		{F8F2083C-7655-4020-B6B7-A232E6C473B5}.Release|Any CPU.ActiveCfg = Release|Any CPU
		{F8F2083C-7655-4020-B6B7-A232E6C473B5}.Release|Any CPU.Build.0 = Release|Any CPU
		{F8F2083C-7655-4020-B6B7-A232E6C473B5}.Release|x64.ActiveCfg = Release|Any CPU
		{F8F2083C-7655-4020-B6B7-A232E6C473B5}.Release|x64.Build.0 = Release|Any CPU
		{F8F2083C-7655-4020-B6B7-A232E6C473B5}.Release|x86.ActiveCfg = Release|Any CPU
		{F8F2083C-7655-4020-B6B7-A232E6C473B5}.Release|x86.Build.0 = Release|Any CPU
	EndGlobalSection
	GlobalSection(SolutionProperties) = preSolution
		HideSolutionNode = FALSE
	EndGlobalSection
	GlobalSection(NestedProjects) = preSolution
		{A855A773-69E3-BA66-31C8-2FC4DE8D7489} = {827E0CD3-B72D-47B6-A68D-7590B98EB39B}
		{96538F57-46A9-45D4-BDE1-23FA1F86E2D4} = {A855A773-69E3-BA66-31C8-2FC4DE8D7489}
		{DCCC737B-3B97-39D2-0C3F-B9F68EBCC1B7} = {0C88DD14-F956-CE84-757C-A364CCF449FC}
		{734CED33-18B8-4FB2-8903-F37696348212} = {DCCC737B-3B97-39D2-0C3F-B9F68EBCC1B7}
		{FC6FF013-36E1-B0BA-B074-9CC75F719A48} = {827E0CD3-B72D-47B6-A68D-7590B98EB39B}
		{F142AA04-E122-1969-27D7-38FC4993AD34} = {0C88DD14-F956-CE84-757C-A364CCF449FC}
		{F8F2083C-7655-4020-B6B7-A232E6C473B5} = {F142AA04-E122-1969-27D7-38FC4993AD34}
	EndGlobalSection
EndGlobal
