# This file is automatically @generated by Poetry 1.6.1 and should not be changed by hand.

[[package]]
name = "anyio"
version = "4.0.0"
description = "High level compatibility layer for multiple asynchronous event loop implementations"
optional = false
python-versions = ">=3.8"
files = [
    {file = "anyio-4.0.0-py3-none-any.whl", hash = "sha256:cfdb2b588b9fc25ede96d8db56ed50848b0b649dca3dd1df0b11f683bb9e0b5f"},
    {file = "anyio-4.0.0.tar.gz", hash = "sha256:f7ed51751b2c2add651e5747c891b47e26d2a21be5d32d9311dfe9692f3e5d7a"},
]

[package.dependencies]
exceptiongroup = {version = ">=1.0.2", markers = "python_version < \"3.11\""}
idna = ">=2.8"
sniffio = ">=1.1"

[package.extras]
doc = ["Sphinx (>=7)", "packaging", "sphinx-autodoc-typehints (>=1.2.0)"]
test = ["anyio[trio]", "coverage[toml] (>=7)", "hypothesis (>=4.0)", "psutil (>=5.9)", "pytest (>=7.0)", "pytest-mock (>=3.6.1)", "trustme", "uvloop (>=0.17)"]
trio = ["trio (>=0.22)"]

[[package]]
name = "black"
version = "22.12.0"
description = "The uncompromising code formatter."
optional = false
python-versions = ">=3.7"
files = [
    {file = "black-22.12.0-cp310-cp310-manylinux_2_17_x86_64.manylinux2014_x86_64.whl", hash = "sha256:9eedd20838bd5d75b80c9f5487dbcb06836a43833a37846cf1d8c1cc01cef59d"},
    {file = "black-22.12.0-cp310-cp310-win_amd64.whl", hash = "sha256:159a46a4947f73387b4d83e87ea006dbb2337eab6c879620a3ba52699b1f4351"},
    {file = "black-22.12.0-cp311-cp311-manylinux_2_17_x86_64.manylinux2014_x86_64.whl", hash = "sha256:d30b212bffeb1e252b31dd269dfae69dd17e06d92b87ad26e23890f3efea366f"},
    {file = "black-22.12.0-cp311-cp311-win_amd64.whl", hash = "sha256:7412e75863aa5c5411886804678b7d083c7c28421210180d67dfd8cf1221e1f4"},
    {file = "black-22.12.0-cp37-cp37m-manylinux_2_17_x86_64.manylinux2014_x86_64.whl", hash = "sha256:c116eed0efb9ff870ded8b62fe9f28dd61ef6e9ddd28d83d7d264a38417dcee2"},
    {file = "black-22.12.0-cp37-cp37m-win_amd64.whl", hash = "sha256:1f58cbe16dfe8c12b7434e50ff889fa479072096d79f0a7f25e4ab8e94cd8350"},
    {file = "black-22.12.0-cp38-cp38-manylinux_2_17_x86_64.manylinux2014_x86_64.whl", hash = "sha256:77d86c9f3db9b1bf6761244bc0b3572a546f5fe37917a044e02f3166d5aafa7d"},
    {file = "black-22.12.0-cp38-cp38-win_amd64.whl", hash = "sha256:82d9fe8fee3401e02e79767016b4907820a7dc28d70d137eb397b92ef3cc5bfc"},
    {file = "black-22.12.0-cp39-cp39-manylinux_2_17_x86_64.manylinux2014_x86_64.whl", hash = "sha256:101c69b23df9b44247bd88e1d7e90154336ac4992502d4197bdac35dd7ee3320"},
    {file = "black-22.12.0-cp39-cp39-win_amd64.whl", hash = "sha256:559c7a1ba9a006226f09e4916060982fd27334ae1998e7a38b3f33a37f7a2148"},
    {file = "black-22.12.0-py3-none-any.whl", hash = "sha256:436cc9167dd28040ad90d3b404aec22cedf24a6e4d7de221bec2730ec0c97bcf"},
    {file = "black-22.12.0.tar.gz", hash = "sha256:229351e5a18ca30f447bf724d007f890f97e13af070bb6ad4c0a441cd7596a2f"},
]

[package.dependencies]
click = ">=8.0.0"
mypy-extensions = ">=0.4.3"
pathspec = ">=0.9.0"
platformdirs = ">=2"
tomli = {version = ">=1.1.0", markers = "python_full_version < \"3.11.0a7\""}

[package.extras]
colorama = ["colorama (>=0.4.3)"]
d = ["aiohttp (>=3.7.4)"]
jupyter = ["ipython (>=7.8.0)", "tokenize-rt (>=3.2.0)"]
uvloop = ["uvloop (>=0.15.2)"]

[[package]]
name = "click"
version = "8.1.7"
description = "Composable command line interface toolkit"
optional = false
python-versions = ">=3.7"
files = [
    {file = "click-8.1.7-py3-none-any.whl", hash = "sha256:ae74fb96c20a0277a1d615f1e4d73c8414f5a98db8b799a7931d1582f3390c28"},
    {file = "click-8.1.7.tar.gz", hash = "sha256:ca9853ad459e787e2192211578cc907e7594e294c7ccc834310722b41b9ca6de"},
]

[package.dependencies]
colorama = {version = "*", markers = "platform_system == \"Windows\""}

[[package]]
name = "colorama"
version = "0.4.6"
description = "Cross-platform colored terminal text."
optional = false
python-versions = "!=3.0.*,!=3.1.*,!=3.2.*,!=3.3.*,!=3.4.*,!=3.5.*,!=3.6.*,>=2.7"
files = [
    {file = "colorama-0.4.6-py2.py3-none-any.whl", hash = "sha256:4f1d9991f5acc0ca119f9d443620b77f9d6b33703e51011c16baf57afb285fc6"},
    {file = "colorama-0.4.6.tar.gz", hash = "sha256:08695f5cb7ed6e0531a20572697297273c47b8cae5a63ffc6d6ed5c201be6e44"},
]

[[package]]
name = "exceptiongroup"
version = "1.1.3"
description = "Backport of PEP 654 (exception groups)"
optional = false
python-versions = ">=3.7"
files = [
    {file = "exceptiongroup-1.1.3-py3-none-any.whl", hash = "sha256:343280667a4585d195ca1cf9cef84a4e178c4b6cf2274caef9859782b567d5e3"},
    {file = "exceptiongroup-1.1.3.tar.gz", hash = "sha256:097acd85d473d75af5bb98e41b61ff7fe35efe6675e4f9370ec6ec5126d160e9"},
]

[package.extras]
test = ["pytest (>=6)"]

[[package]]
name = "h11"
version = "0.14.0"
description = "A pure-Python, bring-your-own-I/O implementation of HTTP/1.1"
optional = false
python-versions = ">=3.7"
files = [
    {file = "h11-0.14.0-py3-none-any.whl", hash = "sha256:e3fe4ac4b851c468cc8363d500db52c2ead036020723024a109d37346efaa761"},
    {file = "h11-0.14.0.tar.gz", hash = "sha256:8f19fbbe99e72420ff35c00b27a34cb9937e902a8b810e2c88300c6f0a3b699d"},
]

[[package]]
name = "idna"
version = "3.4"
description = "Internationalized Domain Names in Applications (IDNA)"
optional = false
python-versions = ">=3.5"
files = [
    {file = "idna-3.4-py3-none-any.whl", hash = "sha256:90b77e79eaa3eba6de819a0c442c0b4ceefc341a7a2ab77d7562bf49f425c5c2"},
    {file = "idna-3.4.tar.gz", hash = "sha256:814f528e8dead7d329833b91c5faa87d60bf71824cd12a7530b5526063d02cb4"},
]

[[package]]
name = "iniconfig"
version = "2.0.0"
description = "brain-dead simple config-ini parsing"
optional = false
python-versions = ">=3.7"
files = [
    {file = "iniconfig-2.0.0-py3-none-any.whl", hash = "sha256:b6a85871a79d2e3b22d2d1b94ac2824226a63c6b741c88f7ae975f18b6778374"},
    {file = "iniconfig-2.0.0.tar.gz", hash = "sha256:2d91e135bf72d31a410b17c16da610a82cb55f6b0477d1a902134b24a455b8b3"},
]

[[package]]
name = "mypy-extensions"
version = "1.0.0"
description = "Type system extensions for programs checked with the mypy type checker."
optional = false
python-versions = ">=3.5"
files = [
    {file = "mypy_extensions-1.0.0-py3-none-any.whl", hash = "sha256:4392f6c0eb8a5668a69e23d168ffa70f0be9ccfd32b5cc2d26a34ae5b844552d"},
    {file = "mypy_extensions-1.0.0.tar.gz", hash = "sha256:75dbf8955dc00442a438fc4d0666508a9a97b6bd41aa2f0ffe9d2f2725af0782"},
]

[[package]]
name = "packaging"
version = "23.2"
description = "Core utilities for Python packages"
optional = false
python-versions = ">=3.7"
files = [
    {file = "packaging-23.2-py3-none-any.whl", hash = "sha256:8c491190033a9af7e1d931d0b5dacc2ef47509b34dd0de67ed209b5203fc88c7"},
    {file = "packaging-23.2.tar.gz", hash = "sha256:048fb0e9405036518eaaf48a55953c750c11e1a1b68e0dd1a9d62ed0c092cfc5"},
]

[[package]]
name = "pathspec"
version = "0.11.2"
description = "Utility library for gitignore style pattern matching of file paths."
optional = false
python-versions = ">=3.7"
files = [
    {file = "pathspec-0.11.2-py3-none-any.whl", hash = "sha256:1d6ed233af05e679efb96b1851550ea95bbb64b7c490b0f5aa52996c11e92a20"},
    {file = "pathspec-0.11.2.tar.gz", hash = "sha256:e0d8d0ac2f12da61956eb2306b69f9469b42f4deb0f3cb6ed47b9cce9996ced3"},
]

[[package]]
name = "platformdirs"
version = "3.11.0"
description = "A small Python package for determining appropriate platform-specific dirs, e.g. a \"user data dir\"."
optional = false
python-versions = ">=3.7"
files = [
    {file = "platformdirs-3.11.0-py3-none-any.whl", hash = "sha256:e9d171d00af68be50e9202731309c4e658fd8bc76f55c11c7dd760d023bda68e"},
    {file = "platformdirs-3.11.0.tar.gz", hash = "sha256:cf8ee52a3afdb965072dcc652433e0c7e3e40cf5ea1477cd4b3b1d2eb75495b3"},
]

[package.extras]
docs = ["furo (>=2023.7.26)", "proselint (>=0.13)", "sphinx (>=7.1.1)", "sphinx-autodoc-typehints (>=1.24)"]
test = ["appdirs (==1.4.4)", "covdefaults (>=2.3)", "pytest (>=7.4)", "pytest-cov (>=4.1)", "pytest-mock (>=3.11.1)"]

[[package]]
name = "pluggy"
version = "1.3.0"
description = "plugin and hook calling mechanisms for python"
optional = false
python-versions = ">=3.8"
files = [
    {file = "pluggy-1.3.0-py3-none-any.whl", hash = "sha256:d89c696a773f8bd377d18e5ecda92b7a3793cbe66c87060a6fb58c7b6e1061f7"},
    {file = "pluggy-1.3.0.tar.gz", hash = "sha256:cf61ae8f126ac6f7c451172cf30e3e43d3ca77615509771b3a984a0730651e12"},
]

[package.extras]
dev = ["pre-commit", "tox"]
testing = ["pytest", "pytest-benchmark"]

[[package]]
name = "pyinstrument"
version = "4.6.0"
description = "Call stack profiler for Python. Shows you why your code is slow!"
optional = false
python-versions = ">=3.7"
files = [
    {file = "pyinstrument-4.6.0-cp310-cp310-macosx_10_9_universal2.whl", hash = "sha256:679b5397e3e6c0d6f56df50ba8c683543df4f1f7c1df2e2eb728e275bde2c85b"},
    {file = "pyinstrument-4.6.0-cp310-cp310-macosx_10_9_x86_64.whl", hash = "sha256:18479ffa0c922695ba2befab29521b62bfe75debef48d818cea46262cee48a1e"},
    {file = "pyinstrument-4.6.0-cp310-cp310-manylinux_2_17_aarch64.manylinux2014_aarch64.whl", hash = "sha256:daba103955d0d0b37b8bc20a4e8cc6477e839ce5984478fcf3f7cee8318e9636"},
    {file = "pyinstrument-4.6.0-cp310-cp310-manylinux_2_5_i686.manylinux1_i686.manylinux_2_17_i686.manylinux2014_i686.whl", hash = "sha256:d93451e9c7650629b0bc12caa7390f81d1a15835c07f7dc170e953d4684ed1e7"},
    {file = "pyinstrument-4.6.0-cp310-cp310-manylinux_2_5_x86_64.manylinux1_x86_64.manylinux_2_17_x86_64.manylinux2014_x86_64.whl", hash = "sha256:01009a7b58a6f11bf5560c23848ea2881acac974b0841fe5d365ef154baabd6f"},
    {file = "pyinstrument-4.6.0-cp310-cp310-musllinux_1_1_aarch64.whl", hash = "sha256:288ea44da6333dacc77b4ba2149dba3dc1e9fbbebd3d5dc51a66c20839d80ef3"},
    {file = "pyinstrument-4.6.0-cp310-cp310-musllinux_1_1_i686.whl", hash = "sha256:ecc106213146dd90659a1483047b3a1c2e174fb190c0e109234e524a4651e377"},
    {file = "pyinstrument-4.6.0-cp310-cp310-musllinux_1_1_x86_64.whl", hash = "sha256:5cd8ab30c8dcd1511e9b3b98f601f17f2c5c9df1d28f8298d215c63d68919bdc"},
    {file = "pyinstrument-4.6.0-cp310-cp310-win32.whl", hash = "sha256:40e3656e6ace5a140880bd980a25f6a356c094c36e28ed1bf935d7349a78b1b6"},
    {file = "pyinstrument-4.6.0-cp310-cp310-win_amd64.whl", hash = "sha256:d9623fc3fde47ae90ad5014737e37034b4abc3fbfb455b7b56cc095f9037d5af"},
    {file = "pyinstrument-4.6.0-cp311-cp311-macosx_10_9_universal2.whl", hash = "sha256:beaaa3b647b3a4cbd34b71eacaa31e3eb90e1bf53e15ada3ac7e9df09d737239"},
    {file = "pyinstrument-4.6.0-cp311-cp311-macosx_10_9_x86_64.whl", hash = "sha256:0c69ab570609ac93b5f4ab2e5ccbf8add4f69a962b06307eea66ba65b5ad9d38"},
    {file = "pyinstrument-4.6.0-cp311-cp311-manylinux_2_17_aarch64.manylinux2014_aarch64.whl", hash = "sha256:5992748a74ec7ff445e4b56b5e316673c34b6cdbd3755111f7c023d8a141f001"},
    {file = "pyinstrument-4.6.0-cp311-cp311-manylinux_2_5_i686.manylinux1_i686.manylinux_2_17_i686.manylinux2014_i686.whl", hash = "sha256:bb1ba76c4e912cae159ab9729c7b31bb6d7fe8ed1f0fafce74484a4bb159c240"},
    {file = "pyinstrument-4.6.0-cp311-cp311-manylinux_2_5_x86_64.manylinux1_x86_64.manylinux_2_17_x86_64.manylinux2014_x86_64.whl", hash = "sha256:674868ebc3663b01d7d059a6f5cdeff6f18b49e217617720a5d645a6b55ead03"},
    {file = "pyinstrument-4.6.0-cp311-cp311-musllinux_1_1_aarch64.whl", hash = "sha256:514a0ced357ff400988f599b0294d05e3b68468f9ab876f204bf12765f7fdb1b"},
    {file = "pyinstrument-4.6.0-cp311-cp311-musllinux_1_1_i686.whl", hash = "sha256:8ccd1f5b4ad35c734dcf2d08d80b5b37205b4e84aa71fe76f95e43bd30c5eef9"},
    {file = "pyinstrument-4.6.0-cp311-cp311-musllinux_1_1_x86_64.whl", hash = "sha256:611c6cd33f42f19e46d99eeef3b84a47d33fe34cdb0ce6e3635d2ee5038706a3"},
    {file = "pyinstrument-4.6.0-cp311-cp311-win32.whl", hash = "sha256:d20b5cf79bca1b3d425a7362457621741393b1d5ce2d920583541b947bc8a368"},
    {file = "pyinstrument-4.6.0-cp311-cp311-win_amd64.whl", hash = "sha256:ecd8cf03b04dc1b7f151896228993c6aa0fa897cdd517ea127465bc1c826c5b5"},
    {file = "pyinstrument-4.6.0-cp312-cp312-macosx_10_9_universal2.whl", hash = "sha256:3d4bed520c0f689a75bca4951f6b7fbad96851e8461086c98e03eb726f8a412a"},
    {file = "pyinstrument-4.6.0-cp312-cp312-macosx_10_9_x86_64.whl", hash = "sha256:b74745f1d22133da8d4a38dd0c78c02c00154a5b7683bdd5df56a7c7705a979b"},
    {file = "pyinstrument-4.6.0-cp312-cp312-manylinux_2_17_aarch64.manylinux2014_aarch64.whl", hash = "sha256:b6ab698400e8401597e39c4816efa247f2b98c9b4e59e3ec25d534ae6887bd93"},
    {file = "pyinstrument-4.6.0-cp312-cp312-manylinux_2_5_i686.manylinux1_i686.manylinux_2_17_i686.manylinux2014_i686.whl", hash = "sha256:de1a36a083b324dafe5e2880e5e04267a1983beb027f12c3dc361ddbe3acf9af"},
    {file = "pyinstrument-4.6.0-cp312-cp312-manylinux_2_5_x86_64.manylinux1_x86_64.manylinux_2_17_x86_64.manylinux2014_x86_64.whl", hash = "sha256:8adc4f87d4289c1f04f19451b5133b8e307bd9b08c364c48e007ba663fefbf1b"},
    {file = "pyinstrument-4.6.0-cp312-cp312-musllinux_1_1_aarch64.whl", hash = "sha256:08fbc75d3615be6259b7af0c173c7bc48acb6e7bd758678d54eb411ba2903052"},
    {file = "pyinstrument-4.6.0-cp312-cp312-musllinux_1_1_i686.whl", hash = "sha256:d86fea6ce117bcff642e24208eb573c00d78b4c2934eb9bd5f915751980cc9bd"},
    {file = "pyinstrument-4.6.0-cp312-cp312-musllinux_1_1_x86_64.whl", hash = "sha256:23a3b21373e0c8bf0d00dda79989fcab0bb1d30094f7b210d40d2226fe20e141"},
    {file = "pyinstrument-4.6.0-cp312-cp312-win32.whl", hash = "sha256:a498c82d93621c5cf736e4660142ac0c3bbcb7b059bcbd4278a6364037128656"},
    {file = "pyinstrument-4.6.0-cp312-cp312-win_amd64.whl", hash = "sha256:9116154446b9999f6524e9db29310aee6476a5a471c276928f2b46b6655a2dcc"},
    {file = "pyinstrument-4.6.0-cp37-cp37m-macosx_10_9_x86_64.whl", hash = "sha256:704c6d38abef8fca2e1085756c9574ea180f7ac866aab6943b483152c2828c2a"},
    {file = "pyinstrument-4.6.0-cp37-cp37m-manylinux_2_17_aarch64.manylinux2014_aarch64.whl", hash = "sha256:cbebdc11d4fc6f3123c046d84db88c7f605d53247e3f357314d0c5775d1beaf4"},
    {file = "pyinstrument-4.6.0-cp37-cp37m-manylinux_2_5_i686.manylinux1_i686.manylinux_2_17_i686.manylinux2014_i686.whl", hash = "sha256:2c7a7bae4cce5f8d084153857cedbce29ca8274c9924884d0461a5db48619c5d"},
    {file = "pyinstrument-4.6.0-cp37-cp37m-manylinux_2_5_x86_64.manylinux1_x86_64.manylinux_2_17_x86_64.manylinux2014_x86_64.whl", hash = "sha256:03289b10715e261a5c33b267d0a430d1b408f929922fde0a9fd311835c60351b"},
    {file = "pyinstrument-4.6.0-cp37-cp37m-musllinux_1_1_aarch64.whl", hash = "sha256:7f83544ff9abfacdf64b39498ca3dcd454956e44aedb5f67626b7212291c9160"},
    {file = "pyinstrument-4.6.0-cp37-cp37m-musllinux_1_1_i686.whl", hash = "sha256:40640f02fe7865540e8a1e51bf7f9d2403e3364c3b7edfdb9dae5eb5596811da"},
    {file = "pyinstrument-4.6.0-cp37-cp37m-musllinux_1_1_x86_64.whl", hash = "sha256:f3719464888d7303e1081996bc56ab75ef5cdf7ef69ccbb7b29f48eb37d8f8b9"},
    {file = "pyinstrument-4.6.0-cp37-cp37m-win32.whl", hash = "sha256:46e16de6bd3b74ef01b6457d862fee751515315edb5e9283205e45299a29ac49"},
    {file = "pyinstrument-4.6.0-cp37-cp37m-win_amd64.whl", hash = "sha256:9ded87ae11cb0a95a767c817908833ec0821fe0e81650968b201a031edf4bc15"},
    {file = "pyinstrument-4.6.0-cp38-cp38-macosx_10_9_universal2.whl", hash = "sha256:8bf16e459a868d9dbaacff4f0a0acd6ad78ce36f2aceabf21e9fd0c3b6aca0d4"},
    {file = "pyinstrument-4.6.0-cp38-cp38-macosx_10_9_x86_64.whl", hash = "sha256:cb83e445795431c3d867b298c0583ee27717bbc50e5120a4c98575c979ab3ab8"},
    {file = "pyinstrument-4.6.0-cp38-cp38-manylinux_2_17_aarch64.manylinux2014_aarch64.whl", hash = "sha256:29072b1be183e173d7b0f12caf29f8717d273afbf34df950f5fa0d98127cd3fb"},
    {file = "pyinstrument-4.6.0-cp38-cp38-manylinux_2_5_i686.manylinux1_i686.manylinux_2_17_i686.manylinux2014_i686.whl", hash = "sha256:09502af2a383c59e5a0d3bebfab7e5845f79122348358e9e52b2b0187db84a44"},
    {file = "pyinstrument-4.6.0-cp38-cp38-manylinux_2_5_x86_64.manylinux1_x86_64.manylinux_2_17_x86_64.manylinux2014_x86_64.whl", hash = "sha256:a23c982eb9c4d2f8fe553dacb9bdc0991170a0998b94c84f75c2a052e8af4c74"},
    {file = "pyinstrument-4.6.0-cp38-cp38-musllinux_1_1_aarch64.whl", hash = "sha256:f7a38ef482f2151393e729c5582191e4ab05f0ed1fa56b16c2377ff3129107af"},
    {file = "pyinstrument-4.6.0-cp38-cp38-musllinux_1_1_i686.whl", hash = "sha256:e983e16c2fdfb752387133380859c3414e119e41c14f39f5f869f29dcf6e995c"},
    {file = "pyinstrument-4.6.0-cp38-cp38-musllinux_1_1_x86_64.whl", hash = "sha256:d00c87e5cea48a562d67f0436999463b7989cff2e4c196b0e8ba06d515f191a9"},
    {file = "pyinstrument-4.6.0-cp38-cp38-win32.whl", hash = "sha256:a24c95cabf2ca5d79b62dbc8ff17749768b8aafd777841352f59f4ffd6688782"},
    {file = "pyinstrument-4.6.0-cp38-cp38-win_amd64.whl", hash = "sha256:f3d88b66dbbcdc6e4c57bd8574ad9d096cd23285eee0f4a5cf74f0e0df6aa190"},
    {file = "pyinstrument-4.6.0-cp39-cp39-macosx_10_9_universal2.whl", hash = "sha256:2bcfec45cdbb9edf6d5853debac4a792de589e621be07a71dc76acb36e144a3a"},
    {file = "pyinstrument-4.6.0-cp39-cp39-macosx_10_9_x86_64.whl", hash = "sha256:e790515a22844bbccaa388c7715b037c45a8d0155c4a6f2990659998a8920501"},
    {file = "pyinstrument-4.6.0-cp39-cp39-manylinux_2_17_aarch64.manylinux2014_aarch64.whl", hash = "sha256:93a30e0d93633a28d4adcf7d7e2d158d6331809b95c2c4a155da17ea1e43eaa3"},
    {file = "pyinstrument-4.6.0-cp39-cp39-manylinux_2_5_i686.manylinux1_i686.manylinux_2_17_i686.manylinux2014_i686.whl", hash = "sha256:aa554eb8ef1c54849dbf480965b073f39b39b517e466ce241808a00398f9742a"},
    {file = "pyinstrument-4.6.0-cp39-cp39-manylinux_2_5_x86_64.manylinux1_x86_64.manylinux_2_17_x86_64.manylinux2014_x86_64.whl", hash = "sha256:9e289898c644cbbb61d931bbcb6505e2a279ad1122612c9098bfb0958ebf5764"},
    {file = "pyinstrument-4.6.0-cp39-cp39-musllinux_1_1_aarch64.whl", hash = "sha256:20ce0f1612a019888a6b94fa7f1e7862842f0b5219282e3354d5b35aceb363f6"},
    {file = "pyinstrument-4.6.0-cp39-cp39-musllinux_1_1_i686.whl", hash = "sha256:4935f3cdb9062fceac65c50de76f07e05cf630bd3a9c663fedc9e88b5efe7d7c"},
    {file = "pyinstrument-4.6.0-cp39-cp39-musllinux_1_1_x86_64.whl", hash = "sha256:dc9c4577ef4b06ae1592c920d0a4f0f0db587a16f530c629ad93e125bc79ebb7"},
    {file = "pyinstrument-4.6.0-cp39-cp39-win32.whl", hash = "sha256:3ec6b04d8cfb34aec48de7fa77aeb919e8e7e19909740ab7a5553339f6f4c53a"},
    {file = "pyinstrument-4.6.0-cp39-cp39-win_amd64.whl", hash = "sha256:8a6d2e5c15f989629fac41536ec2ca1fe81359fadf4dadf2ff24fe96b389f6df"},
    {file = "pyinstrument-4.6.0.tar.gz", hash = "sha256:3e509e879c853dbc5fdc1757f0cfdbf8bee899c80f53d504a7df28898f0fa8ed"},
]

[package.extras]
bin = ["click", "nox"]
docs = ["furo (==2021.6.18b36)", "myst-parser (==0.15.1)", "sphinx (==4.2.0)", "sphinxcontrib-programoutput (==0.17)"]
examples = ["django", "numpy"]
test = ["flaky", "greenlet (>=3.0.0a1)", "ipython", "pytest", "pytest-asyncio (==0.12.0)", "sphinx-autobuild (==2021.3.14)", "trio"]
types = ["typing-extensions"]

[[package]]
name = "pytest"
version = "7.4.2"
description = "pytest: simple powerful testing with Python"
optional = false
python-versions = ">=3.7"
files = [
    {file = "pytest-7.4.2-py3-none-any.whl", hash = "sha256:1d881c6124e08ff0a1bb75ba3ec0bfd8b5354a01c194ddd5a0a870a48d99b002"},
    {file = "pytest-7.4.2.tar.gz", hash = "sha256:a766259cfab564a2ad52cb1aae1b881a75c3eb7e34ca3779697c23ed47c47069"},
]

[package.dependencies]
colorama = {version = "*", markers = "sys_platform == \"win32\""}
exceptiongroup = {version = ">=1.0.0rc8", markers = "python_version < \"3.11\""}
iniconfig = "*"
packaging = "*"
pluggy = ">=0.12,<2.0"
tomli = {version = ">=1.0.0", markers = "python_version < \"3.11\""}

[package.extras]
testing = ["argcomplete", "attrs (>=19.2.0)", "hypothesis (>=3.56)", "mock", "nose", "pygments (>=2.7.2)", "requests", "setuptools", "xmlschema"]

[[package]]
name = "pytest-asyncio"
version = "0.19.0"
description = "Pytest support for asyncio"
optional = false
python-versions = ">=3.7"
files = [
    {file = "pytest-asyncio-0.19.0.tar.gz", hash = "sha256:ac4ebf3b6207259750bc32f4c1d8fcd7e79739edbc67ad0c58dd150b1d072fed"},
    {file = "pytest_asyncio-0.19.0-py3-none-any.whl", hash = "sha256:7a97e37cfe1ed296e2e84941384bdd37c376453912d397ed39293e0916f521fa"},
]

[package.dependencies]
pytest = ">=6.1.0"

[package.extras]
testing = ["coverage (>=6.2)", "flaky (>=3.5.0)", "hypothesis (>=5.7.1)", "mypy (>=0.931)", "pytest-trio (>=0.7.0)"]

[[package]]
name = "sniffio"
version = "1.3.0"
description = "Sniff out which async library your code is running under"
optional = false
python-versions = ">=3.7"
files = [
    {file = "sniffio-1.3.0-py3-none-any.whl", hash = "sha256:eecefdce1e5bbfb7ad2eeaabf7c1eeb404d7757c379bd1f7e5cce9d8bf425384"},
    {file = "sniffio-1.3.0.tar.gz", hash = "sha256:e60305c5e5d314f5389259b7f22aaa33d8f7dee49763119234af3755c55b9101"},
]

[[package]]
name = "starlette"
version = "0.31.1"
description = "The little ASGI library that shines."
optional = false
python-versions = ">=3.8"
files = [
    {file = "starlette-0.31.1-py3-none-any.whl", hash = "sha256:009fb98ecd551a55017d204f033c58b13abcd4719cb5c41503abbf6d260fde11"},
    {file = "starlette-0.31.1.tar.gz", hash = "sha256:a4dc2a3448fb059000868d7eb774dd71229261b6d49b6851e7849bec69c0a011"},
]

[package.dependencies]
anyio = ">=3.4.0,<5"

[package.extras]
full = ["httpx (>=0.22.0)", "itsdangerous", "jinja2", "python-multipart", "pyyaml"]

[[package]]
name = "structlog"
version = "23.2.0"
description = "Structured Logging for Python"
optional = false
python-versions = ">=3.8"
files = [
    {file = "structlog-23.2.0-py3-none-any.whl", hash = "sha256:16a167e87b9fa7fae9a972d5d12805ef90e04857a93eba479d4be3801a6a1482"},
    {file = "structlog-23.2.0.tar.gz", hash = "sha256:334666b94707f89dbc4c81a22a8ccd34449f0201d5b1ee097a030b577fa8c858"},
]

[package.extras]
dev = ["structlog[tests,typing]"]
docs = ["furo", "myst-parser", "sphinx", "sphinx-notfound-page", "sphinxcontrib-mermaid", "twisted"]
tests = ["freezegun (>=0.2.8)", "pretend", "pytest (>=6.0)", "pytest-asyncio (>=0.17)", "simplejson"]
typing = ["mypy (>=1.4)", "rich", "twisted"]

[[package]]
name = "tomli"
version = "2.0.1"
description = "A lil' TOML parser"
optional = false
python-versions = ">=3.7"
files = [
    {file = "tomli-2.0.1-py3-none-any.whl", hash = "sha256:939de3e7a6161af0c887ef91b7d41a53e7c5a1ca976325f429cb46ea9bc30ecc"},
    {file = "tomli-2.0.1.tar.gz", hash = "sha256:de526c12914f0c550d15924c62d72abc48d6fe7364aa87328337a31007fe8a4f"},
]

[[package]]
name = "typing-extensions"
version = "4.8.0"
description = "Backported and Experimental Type Hints for Python 3.8+"
optional = false
python-versions = ">=3.8"
files = [
    {file = "typing_extensions-4.8.0-py3-none-any.whl", hash = "sha256:8f92fc8806f9a6b641eaa5318da32b44d401efaac0f6678c9bc448ba3605faa0"},
    {file = "typing_extensions-4.8.0.tar.gz", hash = "sha256:df8e4339e9cb77357558cbdbceca33c303714cf861d1eef15e1070055ae8b7ef"},
]

[[package]]
name = "uvicorn"
version = "0.23.2"
description = "The lightning-fast ASGI server."
optional = false
python-versions = ">=3.8"
files = [
    {file = "uvicorn-0.23.2-py3-none-any.whl", hash = "sha256:1f9be6558f01239d4fdf22ef8126c39cb1ad0addf76c40e760549d2c2f43ab53"},
    {file = "uvicorn-0.23.2.tar.gz", hash = "sha256:4d3cc12d7727ba72b64d12d3cc7743124074c0a69f7b201512fc50c3e3f1569a"},
]

[package.dependencies]
click = ">=7.0"
h11 = ">=0.8"
typing-extensions = {version = ">=4.0", markers = "python_version < \"3.11\""}

[package.extras]
standard = ["colorama (>=0.4)", "httptools (>=0.5.0)", "python-dotenv (>=0.13)", "pyyaml (>=5.1)", "uvloop (>=0.14.0,!=0.15.0,!=0.15.1)", "watchfiles (>=0.13)", "websockets (>=10.4)"]

[metadata]
lock-version = "2.0"
python-versions = ">=3.10"
content-hash = "19a6750b086a2adf01f5cd113e37a89b0c9154b40808dd8b60c1c6e3f4d0a449"
